// !$*UTF8*$!
{
	archiveVersion = 1;
	classes = {
	};
	objectVersion = 46;
	objects = {

/* Begin PBXBuildFile section */
		4EBF12A21CD0AF5A00FB22F8 /* main.m in Sources */ = {isa = PBXBuildFile; fileRef = 4EBF12A11CD0AF5A00FB22F8 /* main.m */; };
		4EBF12A51CD0AF5A00FB22F8 /* AppDelegate.m in Sources */ = {isa = PBXBuildFile; fileRef = 4EBF12A41CD0AF5A00FB22F8 /* AppDelegate.m */; };
		4EBF12A81CD0AF5A00FB22F8 /* ViewController.m in Sources */ = {isa = PBXBuildFile; fileRef = 4EBF12A71CD0AF5A00FB22F8 /* ViewController.m */; };
		4EBF12AB1CD0AF5A00FB22F8 /* Main.storyboard in Resources */ = {isa = PBXBuildFile; fileRef = 4EBF12A91CD0AF5A00FB22F8 /* Main.storyboard */; };
		4EBF12AD1CD0AF5A00FB22F8 /* Images.xcassets in Resources */ = {isa = PBXBuildFile; fileRef = 4EBF12AC1CD0AF5A00FB22F8 /* Images.xcassets */; };
		4EBF12B01CD0AF5A00FB22F8 /* LaunchScreen.xib in Resources */ = {isa = PBXBuildFile; fileRef = 4EBF12AE1CD0AF5A00FB22F8 /* LaunchScreen.xib */; };
		4EBF12BC1CD0AF5A00FB22F8 /* github_testTests.m in Sources */ = {isa = PBXBuildFile; fileRef = 4EBF12BB1CD0AF5A00FB22F8 /* github_testTests.m */; };
		4EBF12C71CD0B15200FB22F8 /* First.m in Sources */ = {isa = PBXBuildFile; fileRef = 4EBF12C61CD0B15200FB22F8 /* First.m */; };
/* End PBXBuildFile section */

/* Begin PBXContainerItemProxy section */
		4EBF12B61CD0AF5A00FB22F8 /* PBXContainerItemProxy */ = {
			isa = PBXContainerItemProxy;
			containerPortal = 4EBF12941CD0AF5A00FB22F8 /* Project object */;
			proxyType = 1;
			remoteGlobalIDString = 4EBF129B1CD0AF5A00FB22F8;
			remoteInfo = github_test;
		};
/* End PBXContainerItemProxy section */

/* Begin PBXFileReference section */
		4EBF129C1CD0AF5A00FB22F8 /* github_test.app */ = {isa = PBXFileReference; explicitFileType = wrapper.application; includeInIndex = 0; path = github_test.app; sourceTree = BUILT_PRODUCTS_DIR; };
		4EBF12A01CD0AF5A00FB22F8 /* Info.plist */ = {isa = PBXFileReference; lastKnownFileType = text.plist.xml; path = Info.plist; sourceTree = "<group>"; };
		4EBF12A11CD0AF5A00FB22F8 /* main.m */ = {isa = PBXFileReference; lastKnownFileType = sourcecode.c.objc; path = main.m; sourceTree = "<group>"; };
		4EBF12A31CD0AF5A00FB22F8 /* AppDelegate.h */ = {isa = PBXFileReference; lastKnownFileType = sourcecode.c.h; path = AppDelegate.h; sourceTree = "<group>"; };
		4EBF12A41CD0AF5A00FB22F8 /* AppDelegate.m */ = {isa = PBXFileReference; lastKnownFileType = sourcecode.c.objc; path = AppDelegate.m; sourceTree = "<group>"; };
		4EBF12A61CD0AF5A00FB22F8 /* ViewController.h */ = {isa = PBXFileReference; lastKnownFileType = sourcecode.c.h; path = ViewController.h; sourceTree = "<group>"; };
		4EBF12A71CD0AF5A00FB22F8 /* ViewController.m */ = {isa = PBXFileReference; lastKnownFileType = sourcecode.c.objc; path = ViewController.m; sourceTree = "<group>"; };
		4EBF12AA1CD0AF5A00FB22F8 /* Base */ = {isa = PBXFileReference; lastKnownFileType = file.storyboard; name = Base; path = Base.lproj/Main.storyboard; sourceTree = "<group>"; };
		4EBF12AC1CD0AF5A00FB22F8 /* Images.xcassets */ = {isa = PBXFileReference; lastKnownFileType = folder.assetcatalog; path = Images.xcassets; sourceTree = "<group>"; };
		4EBF12AF1CD0AF5A00FB22F8 /* Base */ = {isa = PBXFileReference; lastKnownFileType = file.xib; name = Base; path = Base.lproj/LaunchScreen.xib; sourceTree = "<group>"; };
		4EBF12B51CD0AF5A00FB22F8 /* github_testTests.xctest */ = {isa = PBXFileReference; explicitFileType = wrapper.cfbundle; includeInIndex = 0; path = github_testTests.xctest; sourceTree = BUILT_PRODUCTS_DIR; };
		4EBF12BA1CD0AF5A00FB22F8 /* Info.plist */ = {isa = PBXFileReference; lastKnownFileType = text.plist.xml; path = Info.plist; sourceTree = "<group>"; };
		4EBF12BB1CD0AF5A00FB22F8 /* github_testTests.m */ = {isa = PBXFileReference; lastKnownFileType = sourcecode.c.objc; path = github_testTests.m; sourceTree = "<group>"; };
		4EBF12C51CD0B15200FB22F8 /* First.h */ = {isa = PBXFileReference; fileEncoding = 4; lastKnownFileType = sourcecode.c.h; path = First.h; sourceTree = "<group>"; };
		4EBF12C61CD0B15200FB22F8 /* First.m */ = {isa = PBXFileReference; fileEncoding = 4; lastKnownFileType = sourcecode.c.objc; path = First.m; sourceTree = "<group>"; };
/* End PBXFileReference section */

/* Begin PBXFrameworksBuildPhase section */
		4EBF12991CD0AF5A00FB22F8 /* Frameworks */ = {
			isa = PBXFrameworksBuildPhase;
			buildActionMask = 2147483647;
			files = (
			);
			runOnlyForDeploymentPostprocessing = 0;
		};
		4EBF12B21CD0AF5A00FB22F8 /* Frameworks */ = {
			isa = PBXFrameworksBuildPhase;
			buildActionMask = 2147483647;
			files = (
			);
			runOnlyForDeploymentPostprocessing = 0;
		};
/* End PBXFrameworksBuildPhase section */

/* Begin PBXGroup section */
		4EBF12931CD0AF5A00FB22F8 = {
			isa = PBXGroup;
			children = (
				4EBF12C51CD0B15200FB22F8 /* First.h */,
				4EBF12C61CD0B15200FB22F8 /* First.m */,
				4EBF129E1CD0AF5A00FB22F8 /* github_test */,
				4EBF12B81CD0AF5A00FB22F8 /* github_testTests */,
				4EBF129D1CD0AF5A00FB22F8 /* Products */,
			);
			sourceTree = "<group>";
		};
		4EBF129D1CD0AF5A00FB22F8 /* Products */ = {
			isa = PBXGroup;
			children = (
				4EBF129C1CD0AF5A00FB22F8 /* github_test.app */,
				4EBF12B51CD0AF5A00FB22F8 /* github_testTests.xctest */,
			);
			name = Products;
			sourceTree = "<group>";
		};
		4EBF129E1CD0AF5A00FB22F8 /* github_test */ = {
			isa = PBXGroup;
			children = (
				4EBF12A31CD0AF5A00FB22F8 /* AppDelegate.h */,
				4EBF12A41CD0AF5A00FB22F8 /* AppDelegate.m */,
				4EBF12A61CD0AF5A00FB22F8 /* ViewController.h */,
				4EBF12A71CD0AF5A00FB22F8 /* ViewController.m */,
				4EBF12A91CD0AF5A00FB22F8 /* Main.storyboard */,
				4EBF12AC1CD0AF5A00FB22F8 /* Images.xcassets */,
				4EBF12AE1CD0AF5A00FB22F8 /* LaunchScreen.xib */,
				4EBF129F1CD0AF5A00FB22F8 /* Supporting Files */,
			);
			path = github_test;
			sourceTree = "<group>";
		};
		4EBF129F1CD0AF5A00FB22F8 /* Supporting Files */ = {
			isa = PBXGroup;
			children = (
				4EBF12A01CD0AF5A00FB22F8 /* Info.plist */,
				4EBF12A11CD0AF5A00FB22F8 /* main.m */,
			);
			name = "Supporting Files";
			sourceTree = "<group>";
		};
		4EBF12B81CD0AF5A00FB22F8 /* github_testTests */ = {
			isa = PBXGroup;
			children = (
				4EBF12BB1CD0AF5A00FB22F8 /* github_testTests.m */,
				4EBF12B91CD0AF5A00FB22F8 /* Supporting Files */,
			);
			path = github_testTests;
			sourceTree = "<group>";
		};
		4EBF12B91CD0AF5A00FB22F8 /* Supporting Files */ = {
			isa = PBXGroup;
			children = (
				4EBF12BA1CD0AF5A00FB22F8 /* Info.plist */,
			);
			name = "Supporting Files";
			sourceTree = "<group>";
		};
/* End PBXGroup section */

/* Begin PBXNativeTarget section */
		4EBF129B1CD0AF5A00FB22F8 /* github_test */ = {
			isa = PBXNativeTarget;
			buildConfigurationList = 4EBF12BF1CD0AF5A00FB22F8 /* Build configuration list for PBXNativeTarget "github_test" */;
			buildPhases = (
				4EBF12981CD0AF5A00FB22F8 /* Sources */,
				4EBF12991CD0AF5A00FB22F8 /* Frameworks */,
				4EBF129A1CD0AF5A00FB22F8 /* Resources */,
			);
			buildRules = (
			);
			dependencies = (
			);
			name = github_test;
			productName = github_test;
			productReference = 4EBF129C1CD0AF5A00FB22F8 /* github_test.app */;
			productType = "com.apple.product-type.application";
		};
		4EBF12B41CD0AF5A00FB22F8 /* github_testTests */ = {
			isa = PBXNativeTarget;
			buildConfigurationList = 4EBF12C21CD0AF5A00FB22F8 /* Build configuration list for PBXNativeTarget "github_testTests" */;
			buildPhases = (
				4EBF12B11CD0AF5A00FB22F8 /* Sources */,
				4EBF12B21CD0AF5A00FB22F8 /* Frameworks */,
				4EBF12B31CD0AF5A00FB22F8 /* Resources */,
			);
			buildRules = (
			);
			dependencies = (
				4EBF12B71CD0AF5A00FB22F8 /* PBXTargetDependency */,
			);
			name = github_testTests;
			productName = github_testTests;
			productReference = 4EBF12B51CD0AF5A00FB22F8 /* github_testTests.xctest */;
			productType = "com.apple.product-type.bundle.unit-test";
		};
/* End PBXNativeTarget section */

/* Begin PBXProject section */
		4EBF12941CD0AF5A00FB22F8 /* Project object */ = {
			isa = PBXProject;
			attributes = {
				LastUpgradeCheck = 0600;
				ORGANIZATIONNAME = Mr.zhou;
				TargetAttributes = {
					4EBF129B1CD0AF5A00FB22F8 = {
						CreatedOnToolsVersion = 6.0.1;
					};
					4EBF12B41CD0AF5A00FB22F8 = {
						CreatedOnToolsVersion = 6.0.1;
						TestTargetID = 4EBF129B1CD0AF5A00FB22F8;
					};
				};
			};
			buildConfigurationList = 4EBF12971CD0AF5A00FB22F8 /* Build configuration list for PBXProject "github_test" */;
			compatibilityVersion = "Xcode 3.2";
			developmentRegion = English;
			hasScannedForEncodings = 0;
			knownRegions = (
				en,
				Base,
			);
			mainGroup = 4EBF12931CD0AF5A00FB22F8;
			productRefGroup = 4EBF129D1CD0AF5A00FB22F8 /* Products */;
			projectDirPath = "";
			projectRoot = "";
			targets = (
				4EBF129B1CD0AF5A00FB22F8 /* github_test */,
				4EBF12B41CD0AF5A00FB22F8 /* github_testTests */,
			);
		};
/* End PBXProject section */

/* Begin PBXResourcesBuildPhase section */
		4EBF129A1CD0AF5A00FB22F8 /* Resources */ = {
			isa = PBXResourcesBuildPhase;
			buildActionMask = 2147483647;
			files = (
				4EBF12AB1CD0AF5A00FB22F8 /* Main.storyboard in Resources */,
				4EBF12B01CD0AF5A00FB22F8 /* LaunchScreen.xib in Resources */,
				4EBF12AD1CD0AF5A00FB22F8 /* Images.xcassets in Resources */,
			);
			runOnlyForDeploymentPostprocessing = 0;
		};
		4EBF12B31CD0AF5A00FB22F8 /* Resources */ = {
			isa = PBXResourcesBuildPhase;
			buildActionMask = 2147483647;
			files = (
			);
			runOnlyForDeploymentPostprocessing = 0;
		};
/* End PBXResourcesBuildPhase section */

/* Begin PBXSourcesBuildPhase section */
		4EBF12981CD0AF5A00FB22F8 /* Sources */ = {
			isa = PBXSourcesBuildPhase;
			buildActionMask = 2147483647;
			files = (
				4EBF12A81CD0AF5A00FB22F8 /* ViewController.m in Sources */,
				4EBF12A51CD0AF5A00FB22F8 /* AppDelegate.m in Sources */,
				4EBF12C71CD0B15200FB22F8 /* First.m in Sources */,
				4EBF12A21CD0AF5A00FB22F8 /* main.m in Sources */,
			);
			runOnlyForDeploymentPostprocessing = 0;
		};
		4EBF12B11CD0AF5A00FB22F8 /* Sources */ = {
			isa = PBXSourcesBuildPhase;
			buildActionMask = 2147483647;
			files = (
				4EBF12BC1CD0AF5A00FB22F8 /* github_testTests.m in Sources */,
			);
			runOnlyForDeploymentPostprocessing = 0;
		};
/* End PBXSourcesBuildPhase section */

/* Begin PBXTargetDependency section */
		4EBF12B71CD0AF5A00FB22F8 /* PBXTargetDependency */ = {
			isa = PBXTargetDependency;
			target = 4EBF129B1CD0AF5A00FB22F8 /* github_test */;
			targetProxy = 4EBF12B61CD0AF5A00FB22F8 /* PBXContainerItemProxy */;
		};
/* End PBXTargetDependency section */

/* Begin PBXVariantGroup section */
		4EBF12A91CD0AF5A00FB22F8 /* Main.storyboard */ = {
			isa = PBXVariantGroup;
			children = (
				4EBF12AA1CD0AF5A00FB22F8 /* Base */,
			);
			name = Main.storyboard;
			sourceTree = "<group>";
		};
		4EBF12AE1CD0AF5A00FB22F8 /* LaunchScreen.xib */ = {
			isa = PBXVariantGroup;
			children = (
				4EBF12AF1CD0AF5A00FB22F8 /* Base */,
			);
			name = LaunchScreen.xib;
			sourceTree = "<group>";
		};
/* End PBXVariantGroup section */

/* Begin XCBuildConfiguration section */
		4EBF12BD1CD0AF5A00FB22F8 /* Debug */ = {
			isa = XCBuildConfiguration;
			buildSettings = {
				ALWAYS_SEARCH_USER_PATHS = NO;
				CLANG_CXX_LANGUAGE_STANDARD = "gnu++0x";
				CLANG_CXX_LIBRARY = "libc++";
				CLANG_ENABLE_MODULES = YES;
				CLANG_ENABLE_OBJC_ARC = YES;
				CLANG_WARN_BOOL_CONVERSION = YES;
				CLANG_WARN_CONSTANT_CONVERSION = YES;
				CLANG_WARN_DIRECT_OBJC_ISA_USAGE = YES_ERROR;
				CLANG_WARN_EMPTY_BODY = YES;
				CLANG_WARN_ENUM_CONVERSION = YES;
				CLANG_WARN_INT_CONVERSION = YES;
				CLANG_WARN_OBJC_ROOT_CLASS = YES_ERROR;
				CLANG_WARN_UNREACHABLE_CODE = YES;
				CLANG_WARN__DUPLICATE_METHOD_MATCH = YES;
				"CODE_SIGN_IDENTITY[sdk=iphoneos*]" = "iPhone Developer";
				COPY_PHASE_STRIP = NO;
				ENABLE_STRICT_OBJC_MSGSEND = YES;
				GCC_C_LANGUAGE_STANDARD = gnu99;
				GCC_DYNAMIC_NO_PIC = NO;
				GCC_OPTIMIZATION_LEVEL = 0;
				GCC_PREPROCESSOR_DEFINITIONS = (
					"DEBUG=1",
					"$(inherited)",
				);
				GCC_SYMBOLS_PRIVATE_EXTERN = NO;
				GCC_WARN_64_TO_32_BIT_CONVERSION = YES;
				GCC_WARN_ABOUT_RETURN_TYPE = YES_ERROR;
				GCC_WARN_UNDECLARED_SELECTOR = YES;
				GCC_WARN_UNINITIALIZED_AUTOS = YES_AGGRESSIVE;
				GCC_WARN_UNUSED_FUNCTION = YES;
				GCC_WARN_UNUSED_VARIABLE = YES;
				IPHONEOS_DEPLOYMENT_TARGET = 8.0;
				MTL_ENABLE_DEBUG_INFO = YES;
				ONLY_ACTIVE_ARCH = YES;
				SDKROOT = iphoneos;
			};
			name = Debug;
		};
		4EBF12BE1CD0AF5A00FB22F8 /* Release */ = {
			isa = XCBuildConfiguration;
			buildSettings = {
				ALWAYS_SEARCH_USER_PATHS = NO;
				CLANG_CXX_LANGUAGE_STANDARD = "gnu++0x";
				CLANG_CXX_LIBRARY = "libc++";
				CLANG_ENABLE_MODULES = YES;
				CLANG_ENABLE_OBJC_ARC = YES;
				CLANG_WARN_BOOL_CONVERSION = YES;
				CLANG_WARN_CONSTANT_CONVERSION = YES;
				CLANG_WARN_DIRECT_OBJC_ISA_USAGE = YES_ERROR;
				CLANG_WARN_EMPTY_BODY = YES;
				CLANG_WARN_ENUM_CONVERSION = YES;
				CLANG_WARN_INT_CONVERSION = YES;
				CLANG_WARN_OBJC_ROOT_CLASS = YES_ERROR;
				CLANG_WARN_UNREACHABLE_CODE = YES;
				CLANG_WARN__DUPLICATE_METHOD_MATCH = YES;
				"CODE_SIGN_IDENTITY[sdk=iphoneos*]" = "iPhone Developer";
				COPY_PHASE_STRIP = YES;
				ENABLE_NS_ASSERTIONS = NO;
				ENABLE_STRICT_OBJC_MSGSEND = YES;
				GCC_C_LANGUAGE_STANDARD = gnu99;
				GCC_WARN_64_TO_32_BIT_CONVERSION = YES;
				GCC_WARN_ABOUT_RETURN_TYPE = YES_ERROR;
				GCC_WARN_UNDECLARED_SELECTOR = YES;
				GCC_WARN_UNINITIALIZED_AUTOS = YES_AGGRESSIVE;
				GCC_WARN_UNUSED_FUNCTION = YES;
				GCC_WARN_UNUSED_VARIABLE = YES;
				IPHONEOS_DEPLOYMENT_TARGET = 8.0;
				MTL_ENABLE_DEBUG_INFO = NO;
				SDKROOT = iphoneos;
				VALIDATE_PRODUCT = YES;
			};
			name = Release;
		};
		4EBF12C01CD0AF5A00FB22F8 /* Debug */ = {
			isa = XCBuildConfiguration;
			buildSettings = {
				ASSETCATALOG_COMPILER_APPICON_NAME = AppIcon;
				INFOPLIST_FILE = github_test/Info.plist;
				LD_RUNPATH_SEARCH_PATHS = "$(inherited) @executable_path/Frameworks";
				PRODUCT_NAME = "$(TARGET_NAME)";
			};
			name = Debug;
		};
		4EBF12C11CD0AF5A00FB22F8 /* Release */ = {
			isa = XCBuildConfiguration;
			buildSettings = {
				ASSETCATALOG_COMPILER_APPICON_NAME = AppIcon;
				INFOPLIST_FILE = github_test/Info.plist;
				LD_RUNPATH_SEARCH_PATHS = "$(inherited) @executable_path/Frameworks";
				PRODUCT_NAME = "$(TARGET_NAME)";
			};
			name = Release;
		};
		4EBF12C31CD0AF5A00FB22F8 /* Debug */ = {
			isa = XCBuildConfiguration;
			buildSettings = {
				BUNDLE_LOADER = "$(TEST_HOST)";
				FRAMEWORK_SEARCH_PATHS = (
					"$(SDKROOT)/Developer/Library/Frameworks",
					"$(inherited)",
				);
				GCC_PREPROCESSOR_DEFINITIONS = (
					"DEBUG=1",
					"$(inherited)",
				);
				INFOPLIST_FILE = github_testTests/Info.plist;
				LD_RUNPATH_SEARCH_PATHS = "$(inherited) @executable_path/Frameworks @loader_path/Frameworks";
				PRODUCT_NAME = "$(TARGET_NAME)";
				TEST_HOST = "$(BUILT_PRODUCTS_DIR)/github_test.app/github_test";
			};
			name = Debug;
		};
		4EBF12C41CD0AF5A00FB22F8 /* Release */ = {
			isa = XCBuildConfiguration;
			buildSettings = {
				BUNDLE_LOADER = "$(TEST_HOST)";
				FRAMEWORK_SEARCH_PATHS = (
					"$(SDKROOT)/Developer/Library/Frameworks",
					"$(inherited)",
				);
				INFOPLIST_FILE = github_testTests/Info.plist;
				LD_RUNPATH_SEARCH_PATHS = "$(inherited) @executable_path/Frameworks @loader_path/Frameworks";
				PRODUCT_NAME = "$(TARGET_NAME)";
				TEST_HOST = "$(BUILT_PRODUCTS_DIR)/github_test.app/github_test";
			};
			name = Release;
		};
/* End XCBuildConfiguration section */

/* Begin XCConfigurationList section */
		4EBF12971CD0AF5A00FB22F8 /* Build configuration list for PBXProject "github_test" */ = {
			isa = XCConfigurationList;
			buildConfigurations = (
				4EBF12BD1CD0AF5A00FB22F8 /* Debug */,
				4EBF12BE1CD0AF5A00FB22F8 /* Release */,
			);
			defaultConfigurationIsVisible = 0;
			defaultConfigurationName = Release;
		};
		4EBF12BF1CD0AF5A00FB22F8 /* Build configuration list for PBXNativeTarget "github_test" */ = {
			isa = XCConfigurationList;
			buildConfigurations = (
				4EBF12C01CD0AF5A00FB22F8 /* Debug */,
				4EBF12C11CD0AF5A00FB22F8 /* Release */,
			);
			defaultConfigurationIsVisible = 0;
		};
		4EBF12C21CD0AF5A00FB22F8 /* Build configuration list for PBXNativeTarget "github_testTests" */ = {
			isa = XCConfigurationList;
			buildConfigurations = (
				4EBF12C31CD0AF5A00FB22F8 /* Debug */,
				4EBF12C41CD0AF5A00FB22F8 /* Release */,
			);
			defaultConfigurationIsVisible = 0;
		};
/* End XCConfigurationList section */
	};
	rootObject = 4EBF12941CD0AF5A00FB22F8 /* Project object */;
}
